
Microsoft Visual Studio Solution File, Format Version 12.00
Project("{FAE04EC0-301F-11D3-BF4B-00C04F79EFBC}") = "Jump", "Jump\Jump.csproj", "{C108FEE1-2995-4A6B-8DE4-A5D815EA9684}"
EndProject
Project("{FAE04EC0-301F-11D3-BF4B-00C04F79EFBC}") = "JumpDemo", "JumpDemo\JumpDemo.csproj", "{957489FD-6790-4FA9-95D8-039E00805B09}"
EndProject
Project("{FAE04EC0-301F-11D3-BF4B-00C04F79EFBC}") = "Tests", "Tests\Tests.csproj", "{AE7CB9DD-A822-4A66-B2CF-C627163711EC}"
EndProject
Global
	GlobalSection(SolutionConfigurationPlatforms) = preSolution
		Debug|Any CPU = Debug|Any CPU
		Release|Any CPU = Release|Any CPU
	EndGlobalSection
	GlobalSection(ProjectConfigurationPlatforms) = postSolution
		{C108FEE1-2995-4A6B-8DE4-A5D815EA9684}.Debug|Any CPU.ActiveCfg = Debug|Any CPU
		{C108FEE1-2995-4A6B-8DE4-A5D815EA9684}.Debug|Any CPU.Build.0 = Debug|Any CPU
		{C108FEE1-2995-4A6B-8DE4-A5D815EA9684}.Release|Any CPU.ActiveCfg = Release|Any CPU
		{C108FEE1-2995-4A6B-8DE4-A5D815EA9684}.Release|Any CPU.Build.0 = Release|Any CPU
		{957489FD-6790-4FA9-95D8-039E00805B09}.Debug|Any CPU.ActiveCfg = Debug|Any CPU
		{957489FD-6790-4FA9-95D8-039E00805B09}.Debug|Any CPU.Build.0 = Debug|Any CPU
		{957489FD-6790-4FA9-95D8-039E00805B09}.Release|Any CPU.ActiveCfg = Release|Any CPU
		{957489FD-6790-4FA9-95D8-039E00805B09}.Release|Any CPU.Build.0 = Release|Any CPU
		{AE7CB9DD-A822-4A66-B2CF-C627163711EC}.Debug|Any CPU.ActiveCfg = Debug|Any CPU
		{AE7CB9DD-A822-4A66-B2CF-C627163711EC}.Debug|Any CPU.Build.0 = Debug|Any CPU
		{AE7CB9DD-A822-4A66-B2CF-C627163711EC}.Release|Any CPU.ActiveCfg = Release|Any CPU
		{AE7CB9DD-A822-4A66-B2CF-C627163711EC}.Release|Any CPU.Build.0 = Release|Any CPU
	EndGlobalSection
EndGlobal
